{
  "originHash" : "f86ffd81e17628d3ec7c10f605ef1067952559276c6a19e2590a96cd8a75ec15",
  "pins" : [
    {
      "identity" : "appboxsdkframwork",
      "kind" : "remoteSourceControl",
      "location" : "https://github.com/MobilePartnersCo/AppBoxSDKFramwork",
      "state" : {
        "revision" : "2131d82a929e20b923b7e3a20b005daff135f27f",
        "version" : "1.0.2"
      }
    }
  ],
  "version" : 3
}
