{
  "originHash" : "f86ffd81e17628d3ec7c10f605ef1067952559276c6a19e2590a96cd8a75ec15",
  "pins" : [
    {
      "identity" : "appboxsdkframwork",
      "kind" : "remoteSourceControl",
      "location" : "https://github.com/MobilePartnersCo/AppBoxSDKFramwork",
      "state" : {
        "revision" : "8213397c96fd157ff42a4fd4d64fc9fff77257b8"
      }
    }
  ],
  "version" : 3
}
