// !$*UTF8*$!
{
	archiveVersion = 1;
	classes = {
	};
	objectVersion = 56;
	objects = {

/* Begin PBXBuildFile section */
		9B84FA692CF9561100164732 /* AppBoxSDK in Frameworks */ = {isa = PBXBuildFile; productRef = 9B84FA682CF9561100164732 /* AppBoxSDK */; };
		9B9A0B832CFED64D0047B31F /* ObjcViewController.m in Sources */ = {isa = PBXBuildFile; fileRef = 9B9A0B822CFED64D0047B31F /* ObjcViewController.m */; };
		9BA76DA92CF593BD00FE2892 /* AppDelegate.swift in Sources */ = {isa = PBXBuildFile; fileRef = 9BA76DA82CF593BD00FE2892 /* AppDelegate.swift */; };
		9BA76DAB2CF593BD00FE2892 /* SceneDelegate.swift in Sources */ = {isa = PBXBuildFile; fileRef = 9BA76DAA2CF593BD00FE2892 /* SceneDelegate.swift */; };
		9BA76DAD2CF593BD00FE2892 /* ViewController.swift in Sources */ = {isa = PBXBuildFile; fileRef = 9BA76DAC2CF593BD00FE2892 /* ViewController.swift */; };
		9BA76DB02CF593BD00FE2892 /* Base in Resources */ = {isa = PBXBuildFile; fileRef = 9BA76DAF2CF593BD00FE2892 /* Base */; };
		9BA76DB22CF593BE00FE2892 /* Assets.xcassets in Resources */ = {isa = PBXBuildFile; fileRef = 9BA76DB12CF593BE00FE2892 /* Assets.xcassets */; };
		9BA76DB52CF593BE00FE2892 /* Base in Resources */ = {isa = PBXBuildFile; fileRef = 9BA76DB42CF593BE00FE2892 /* Base */; };
/* End PBXBuildFile section */

/* Begin PBXFileReference section */
		9B9A0B812CFED64D0047B31F /* ObjcViewController.h */ = {isa = PBXFileReference; lastKnownFileType = sourcecode.c.h; path = ObjcViewController.h; sourceTree = "<group>"; };
		9B9A0B822CFED64D0047B31F /* ObjcViewController.m */ = {isa = PBXFileReference; lastKnownFileType = sourcecode.c.objc; path = ObjcViewController.m; sourceTree = "<group>"; };
		9BA76DA52CF593BD00FE2892 /* sdkSample.app */ = {isa = PBXFileReference; explicitFileType = wrapper.application; includeInIndex = 0; path = sdkSample.app; sourceTree = BUILT_PRODUCTS_DIR; };
		9BA76DA82CF593BD00FE2892 /* AppDelegate.swift */ = {isa = PBXFileReference; lastKnownFileType = sourcecode.swift; path = AppDelegate.swift; sourceTree = "<group>"; };
		9BA76DAA2CF593BD00FE2892 /* SceneDelegate.swift */ = {isa = PBXFileReference; lastKnownFileType = sourcecode.swift; path = SceneDelegate.swift; sourceTree = "<group>"; };
		9BA76DAC2CF593BD00FE2892 /* ViewController.swift */ = {isa = PBXFileReference; lastKnownFileType = sourcecode.swift; path = ViewController.swift; sourceTree = "<group>"; };
		9BA76DAF2CF593BD00FE2892 /* Base */ = {isa = PBXFileReference; lastKnownFileType = file.storyboard; name = Base; path = Base.lproj/Main.storyboard; sourceTree = "<group>"; };
		9BA76DB12CF593BE00FE2892 /* Assets.xcassets */ = {isa = PBXFileReference; lastKnownFileType = folder.assetcatalog; path = Assets.xcassets; sourceTree = "<group>"; };
		9BA76DB42CF593BE00FE2892 /* Base */ = {isa = PBXFileReference; lastKnownFileType = file.storyboard; name = Base; path = Base.lproj/LaunchScreen.storyboard; sourceTree = "<group>"; };
		9BA76DB62CF593BE00FE2892 /* Info.plist */ = {isa = PBXFileReference; lastKnownFileType = text.plist.xml; path = Info.plist; sourceTree = "<group>"; };
		9BA76DC02CF59AFA00FE2892 /* sdkSample.entitlements */ = {isa = PBXFileReference; lastKnownFileType = text.plist.entitlements; path = sdkSample.entitlements; sourceTree = "<group>"; };
/* End PBXFileReference section */

/* Begin PBXFrameworksBuildPhase section */
		9BA76DA22CF593BD00FE2892 /* Frameworks */ = {
			isa = PBXFrameworksBuildPhase;
			buildActionMask = 2147483647;
			files = (
				9B84FA692CF9561100164732 /* AppBoxSDK in Frameworks */,
			);
			runOnlyForDeploymentPostprocessing = 0;
		};
/* End PBXFrameworksBuildPhase section */

/* Begin PBXGroup section */
		9BA76D9C2CF593BD00FE2892 = {
			isa = PBXGroup;
			children = (
				9BA76DA72CF593BD00FE2892 /* sdkSample */,
				9BA76DA62CF593BD00FE2892 /* Products */,
			);
			sourceTree = "<group>";
		};
		9BA76DA62CF593BD00FE2892 /* Products */ = {
			isa = PBXGroup;
			children = (
				9BA76DA52CF593BD00FE2892 /* sdkSample.app */,
			);
			name = Products;
			sourceTree = "<group>";
		};
		9BA76DA72CF593BD00FE2892 /* sdkSample */ = {
			isa = PBXGroup;
			children = (
				9BA76DC02CF59AFA00FE2892 /* sdkSample.entitlements */,
				9BA76DA82CF593BD00FE2892 /* AppDelegate.swift */,
				9BA76DAA2CF593BD00FE2892 /* SceneDelegate.swift */,
				9BA76DAC2CF593BD00FE2892 /* ViewController.swift */,
				9B9A0B812CFED64D0047B31F /* ObjcViewController.h */,
				9B9A0B822CFED64D0047B31F /* ObjcViewController.m */,
				9BA76DAE2CF593BD00FE2892 /* Main.storyboard */,
				9BA76DB12CF593BE00FE2892 /* Assets.xcassets */,
				9BA76DB32CF593BE00FE2892 /* LaunchScreen.storyboard */,
				9BA76DB62CF593BE00FE2892 /* Info.plist */,
			);
			path = sdkSample;
			sourceTree = "<group>";
		};
/* End PBXGroup section */

/* Begin PBXNativeTarget section */
		9BA76DA42CF593BD00FE2892 /* sdkSample */ = {
			isa = PBXNativeTarget;
			buildConfigurationList = 9BA76DB92CF593BE00FE2892 /* Build configuration list for PBXNativeTarget "sdkSample" */;
			buildPhases = (
				9BA76DA12CF593BD00FE2892 /* Sources */,
				9BA76DA22CF593BD00FE2892 /* Frameworks */,
				9BA76DA32CF593BD00FE2892 /* Resources */,
			);
			buildRules = (
			);
			dependencies = (
			);
			name = sdkSample;
			packageProductDependencies = (
				9B84FA682CF9561100164732 /* AppBoxSDK */,
			);
			productName = sdkSample;
			productReference = 9BA76DA52CF593BD00FE2892 /* sdkSample.app */;
			productType = "com.apple.product-type.application";
		};
/* End PBXNativeTarget section */

/* Begin PBXProject section */
		9BA76D9D2CF593BD00FE2892 /* Project object */ = {
			isa = PBXProject;
			attributes = {
				BuildIndependentTargetsInParallel = 1;
				LastSwiftUpdateCheck = 1530;
				LastUpgradeCheck = 1530;
				TargetAttributes = {
					9BA76DA42CF593BD00FE2892 = {
						CreatedOnToolsVersion = 15.3;
						LastSwiftMigration = 1530;
					};
				};
			};
			buildConfigurationList = 9BA76DA02CF593BD00FE2892 /* Build configuration list for PBXProject "sdkSample" */;
			compatibilityVersion = "Xcode 14.0";
			developmentRegion = en;
			hasScannedForEncodings = 0;
			knownRegions = (
				en,
				Base,
			);
			mainGroup = 9BA76D9C2CF593BD00FE2892;
			packageReferences = (
				9B84FA672CF9561100164732 /* XCRemoteSwiftPackageReference "AppBoxSDKFramwork" */,
			);
			productRefGroup = 9BA76DA62CF593BD00FE2892 /* Products */;
			projectDirPath = "";
			projectRoot = "";
			targets = (
				9BA76DA42CF593BD00FE2892 /* sdkSample */,
			);
		};
/* End PBXProject section */

/* Begin PBXResourcesBuildPhase section */
		9BA76DA32CF593BD00FE2892 /* Resources */ = {
			isa = PBXResourcesBuildPhase;
			buildActionMask = 2147483647;
			files = (
				9BA76DB22CF593BE00FE2892 /* Assets.xcassets in Resources */,
				9BA76DB52CF593BE00FE2892 /* Base in Resources */,
				9BA76DB02CF593BD00FE2892 /* Base in Resources */,
			);
			runOnlyForDeploymentPostprocessing = 0;
		};
/* End PBXResourcesBuildPhase section */

/* Begin PBXSourcesBuildPhase section */
		9BA76DA12CF593BD00FE2892 /* Sources */ = {
			isa = PBXSourcesBuildPhase;
			buildActionMask = 2147483647;
			files = (
				9B9A0B832CFED64D0047B31F /* ObjcViewController.m in Sources */,
				9BA76DAD2CF593BD00FE2892 /* ViewController.swift in Sources */,
				9BA76DA92CF593BD00FE2892 /* AppDelegate.swift in Sources */,
				9BA76DAB2CF593BD00FE2892 /* SceneDelegate.swift in Sources */,
			);
			runOnlyForDeploymentPostprocessing = 0;
		};
/* End PBXSourcesBuildPhase section */

/* Begin PBXVariantGroup section */
		9BA76DAE2CF593BD00FE2892 /* Main.storyboard */ = {
			isa = PBXVariantGroup;
			children = (
				9BA76DAF2CF593BD00FE2892 /* Base */,
			);
			name = Main.storyboard;
			sourceTree = "<group>";
		};
		9BA76DB32CF593BE00FE2892 /* LaunchScreen.storyboard */ = {
			isa = PBXVariantGroup;
			children = (
				9BA76DB42CF593BE00FE2892 /* Base */,
			);
			name = LaunchScreen.storyboard;
			sourceTree = "<group>";
		};
/* End PBXVariantGroup section */

/* Begin XCBuildConfiguration section */
		9BA76DB72CF593BE00FE2892 /* Debug */ = {
			isa = XCBuildConfiguration;
			buildSettings = {
				ALWAYS_SEARCH_USER_PATHS = NO;
				ASSETCATALOG_COMPILER_GENERATE_SWIFT_ASSET_SYMBOL_EXTENSIONS = YES;
				CLANG_ANALYZER_NONNULL = YES;
				CLANG_ANALYZER_NUMBER_OBJECT_CONVERSION = YES_AGGRESSIVE;
				CLANG_CXX_LANGUAGE_STANDARD = "gnu++20";
				CLANG_ENABLE_MODULES = YES;
				CLANG_ENABLE_OBJC_ARC = YES;
				CLANG_ENABLE_OBJC_WEAK = YES;
				CLANG_WARN_BLOCK_CAPTURE_AUTORELEASING = YES;
				CLANG_WARN_BOOL_CONVERSION = YES;
				CLANG_WARN_COMMA = YES;
				CLANG_WARN_CONSTANT_CONVERSION = YES;
				CLANG_WARN_DEPRECATED_OBJC_IMPLEMENTATIONS = YES;
				CLANG_WARN_DIRECT_OBJC_ISA_USAGE = YES_ERROR;
				CLANG_WARN_DOCUMENTATION_COMMENTS = YES;
				CLANG_WARN_EMPTY_BODY = YES;
				CLANG_WARN_ENUM_CONVERSION = YES;
				CLANG_WARN_INFINITE_RECURSION = YES;
				CLANG_WARN_INT_CONVERSION = YES;
				CLANG_WARN_NON_LITERAL_NULL_CONVERSION = YES;
				CLANG_WARN_OBJC_IMPLICIT_RETAIN_SELF = YES;
				CLANG_WARN_OBJC_LITERAL_CONVERSION = YES;
				CLANG_WARN_OBJC_ROOT_CLASS = YES_ERROR;
				CLANG_WARN_QUOTED_INCLUDE_IN_FRAMEWORK_HEADER = YES;
				CLANG_WARN_RANGE_LOOP_ANALYSIS = YES;
				CLANG_WARN_STRICT_PROTOTYPES = YES;
				CLANG_WARN_SUSPICIOUS_MOVE = YES;
				CLANG_WARN_UNGUARDED_AVAILABILITY = YES_AGGRESSIVE;
				CLANG_WARN_UNREACHABLE_CODE = YES;
				CLANG_WARN__DUPLICATE_METHOD_MATCH = YES;
				COPY_PHASE_STRIP = NO;
				DEBUG_INFORMATION_FORMAT = dwarf;
				ENABLE_STRICT_OBJC_MSGSEND = YES;
				ENABLE_TESTABILITY = YES;
				ENABLE_USER_SCRIPT_SANDBOXING = YES;
				GCC_C_LANGUAGE_STANDARD = gnu17;
				GCC_DYNAMIC_NO_PIC = NO;
				GCC_NO_COMMON_BLOCKS = YES;
				GCC_OPTIMIZATION_LEVEL = 0;
				GCC_PREPROCESSOR_DEFINITIONS = (
					"DEBUG=1",
					"$(inherited)",
				);
				GCC_WARN_64_TO_32_BIT_CONVERSION = YES;
				GCC_WARN_ABOUT_RETURN_TYPE = YES_ERROR;
				GCC_WARN_UNDECLARED_SELECTOR = YES;
				GCC_WARN_UNINITIALIZED_AUTOS = YES_AGGRESSIVE;
				GCC_WARN_UNUSED_FUNCTION = YES;
				GCC_WARN_UNUSED_VARIABLE = YES;
				IPHONEOS_DEPLOYMENT_TARGET = 17.4;
				LOCALIZATION_PREFERS_STRING_CATALOGS = YES;
				MTL_ENABLE_DEBUG_INFO = INCLUDE_SOURCE;
				MTL_FAST_MATH = YES;
				ONLY_ACTIVE_ARCH = YES;
				SDKROOT = iphoneos;
				SWIFT_ACTIVE_COMPILATION_CONDITIONS = "DEBUG $(inherited)";
				SWIFT_OPTIMIZATION_LEVEL = "-Onone";
			};
			name = Debug;
		};
		9BA76DB82CF593BE00FE2892 /* Release */ = {
			isa = XCBuildConfiguration;
			buildSettings = {
				ALWAYS_SEARCH_USER_PATHS = NO;
				ASSETCATALOG_COMPILER_GENERATE_SWIFT_ASSET_SYMBOL_EXTENSIONS = YES;
				CLANG_ANALYZER_NONNULL = YES;
				CLANG_ANALYZER_NUMBER_OBJECT_CONVERSION = YES_AGGRESSIVE;
				CLANG_CXX_LANGUAGE_STANDARD = "gnu++20";
				CLANG_ENABLE_MODULES = YES;
				CLANG_ENABLE_OBJC_ARC = YES;
				CLANG_ENABLE_OBJC_WEAK = YES;
				CLANG_WARN_BLOCK_CAPTURE_AUTORELEASING = YES;
				CLANG_WARN_BOOL_CONVERSION = YES;
				CLANG_WARN_COMMA = YES;
				CLANG_WARN_CONSTANT_CONVERSION = YES;
				CLANG_WARN_DEPRECATED_OBJC_IMPLEMENTATIONS = YES;
				CLANG_WARN_DIRECT_OBJC_ISA_USAGE = YES_ERROR;
				CLANG_WARN_DOCUMENTATION_COMMENTS = YES;
				CLANG_WARN_EMPTY_BODY = YES;
				CLANG_WARN_ENUM_CONVERSION = YES;
				CLANG_WARN_INFINITE_RECURSION = YES;
				CLANG_WARN_INT_CONVERSION = YES;
				CLANG_WARN_NON_LITERAL_NULL_CONVERSION = YES;
				CLANG_WARN_OBJC_IMPLICIT_RETAIN_SELF = YES;
				CLANG_WARN_OBJC_LITERAL_CONVERSION = YES;
				CLANG_WARN_OBJC_ROOT_CLASS = YES_ERROR;
				CLANG_WARN_QUOTED_INCLUDE_IN_FRAMEWORK_HEADER = YES;
				CLANG_WARN_RANGE_LOOP_ANALYSIS = YES;
				CLANG_WARN_STRICT_PROTOTYPES = YES;
				CLANG_WARN_SUSPICIOUS_MOVE = YES;
				CLANG_WARN_UNGUARDED_AVAILABILITY = YES_AGGRESSIVE;
				CLANG_WARN_UNREACHABLE_CODE = YES;
				CLANG_WARN__DUPLICATE_METHOD_MATCH = YES;
				COPY_PHASE_STRIP = NO;
				DEBUG_INFORMATION_FORMAT = "dwarf-with-dsym";
				ENABLE_NS_ASSERTIONS = NO;
				ENABLE_STRICT_OBJC_MSGSEND = YES;
				ENABLE_USER_SCRIPT_SANDBOXING = YES;
				GCC_C_LANGUAGE_STANDARD = gnu17;
				GCC_NO_COMMON_BLOCKS = YES;
				GCC_WARN_64_TO_32_BIT_CONVERSION = YES;
				GCC_WARN_ABOUT_RETURN_TYPE = YES_ERROR;
				GCC_WARN_UNDECLARED_SELECTOR = YES;
				GCC_WARN_UNINITIALIZED_AUTOS = YES_AGGRESSIVE;
				GCC_WARN_UNUSED_FUNCTION = YES;
				GCC_WARN_UNUSED_VARIABLE = YES;
				IPHONEOS_DEPLOYMENT_TARGET = 17.4;
				LOCALIZATION_PREFERS_STRING_CATALOGS = YES;
				MTL_ENABLE_DEBUG_INFO = NO;
				MTL_FAST_MATH = YES;
				SDKROOT = iphoneos;
				SWIFT_COMPILATION_MODE = wholemodule;
				VALIDATE_PRODUCT = YES;
			};
			name = Release;
		};
		9BA76DBA2CF593BE00FE2892 /* Debug */ = {
			isa = XCBuildConfiguration;
			buildSettings = {
				ASSETCATALOG_COMPILER_APPICON_NAME = AppIcon;
				ASSETCATALOG_COMPILER_GLOBAL_ACCENT_COLOR_NAME = AccentColor;
				CLANG_ENABLE_MODULES = YES;
				CODE_SIGN_ENTITLEMENTS = sdkSample/sdkSample.entitlements;
				CODE_SIGN_STYLE = Automatic;
				CURRENT_PROJECT_VERSION = 1;
				DEVELOPMENT_TEAM = 43TBG9ECT6;
				GENERATE_INFOPLIST_FILE = YES;
				INFOPLIST_FILE = sdkSample/Info.plist;
				INFOPLIST_KEY_UIApplicationSupportsIndirectInputEvents = YES;
				INFOPLIST_KEY_UILaunchStoryboardName = LaunchScreen;
				INFOPLIST_KEY_UIMainStoryboardFile = Main;
				INFOPLIST_KEY_UISupportedInterfaceOrientations = UIInterfaceOrientationPortrait;
				INFOPLIST_KEY_UISupportedInterfaceOrientations_iPad = "UIInterfaceOrientationLandscapeLeft UIInterfaceOrientationLandscapeRight UIInterfaceOrientationPortrait UIInterfaceOrientationPortraitUpsideDown";
				IPHONEOS_DEPLOYMENT_TARGET = 13.0;
				LD_RUNPATH_SEARCH_PATHS = (
					"$(inherited)",
					"@executable_path/Frameworks",
				);
				MARKETING_VERSION = 1.0;
				PRODUCT_BUNDLE_IDENTIFIER = kr.co.mobpa.appbox.sdkSample;
				PRODUCT_NAME = "$(TARGET_NAME)";
				SUPPORTED_PLATFORMS = "iphoneos iphonesimulator";
				SUPPORTS_MACCATALYST = NO;
				SUPPORTS_MAC_DESIGNED_FOR_IPHONE_IPAD = NO;
				SUPPORTS_XR_DESIGNED_FOR_IPHONE_IPAD = NO;
				SWIFT_EMIT_LOC_STRINGS = YES;
				SWIFT_OBJC_BRIDGING_HEADER = "";
				SWIFT_OPTIMIZATION_LEVEL = "-Onone";
				SWIFT_VERSION = 5.0;
				TARGETED_DEVICE_FAMILY = 1;
			};
			name = Debug;
		};
		9BA76DBB2CF593BE00FE2892 /* Release */ = {
			isa = XCBuildConfiguration;
			buildSettings = {
				ASSETCATALOG_COMPILER_APPICON_NAME = AppIcon;
				ASSETCATALOG_COMPILER_GLOBAL_ACCENT_COLOR_NAME = AccentColor;
				CLANG_ENABLE_MODULES = YES;
				CODE_SIGN_ENTITLEMENTS = sdkSample/sdkSample.entitlements;
				CODE_SIGN_STYLE = Automatic;
				CURRENT_PROJECT_VERSION = 1;
				DEVELOPMENT_TEAM = 43TBG9ECT6;
				GENERATE_INFOPLIST_FILE = YES;
				INFOPLIST_FILE = sdkSample/Info.plist;
				INFOPLIST_KEY_UIApplicationSupportsIndirectInputEvents = YES;
				INFOPLIST_KEY_UILaunchStoryboardName = LaunchScreen;
				INFOPLIST_KEY_UIMainStoryboardFile = Main;
				INFOPLIST_KEY_UISupportedInterfaceOrientations = UIInterfaceOrientationPortrait;
				INFOPLIST_KEY_UISupportedInterfaceOrientations_iPad = "UIInterfaceOrientationLandscapeLeft UIInterfaceOrientationLandscapeRight UIInterfaceOrientationPortrait UIInterfaceOrientationPortraitUpsideDown";
				IPHONEOS_DEPLOYMENT_TARGET = 13.0;
				LD_RUNPATH_SEARCH_PATHS = (
					"$(inherited)",
					"@executable_path/Frameworks",
				);
				MARKETING_VERSION = 1.0;
				PRODUCT_BUNDLE_IDENTIFIER = kr.co.mobpa.appbox.sdkSample;
				PRODUCT_NAME = "$(TARGET_NAME)";
				SUPPORTED_PLATFORMS = "iphoneos iphonesimulator";
				SUPPORTS_MACCATALYST = NO;
				SUPPORTS_MAC_DESIGNED_FOR_IPHONE_IPAD = NO;
				SUPPORTS_XR_DESIGNED_FOR_IPHONE_IPAD = NO;
				SWIFT_EMIT_LOC_STRINGS = YES;
				SWIFT_OBJC_BRIDGING_HEADER = "";
				SWIFT_VERSION = 5.0;
				TARGETED_DEVICE_FAMILY = 1;
			};
			name = Release;
		};
/* End XCBuildConfiguration section */

/* Begin XCConfigurationList section */
		9BA76DA02CF593BD00FE2892 /* Build configuration list for PBXProject "sdkSample" */ = {
			isa = XCConfigurationList;
			buildConfigurations = (
				9BA76DB72CF593BE00FE2892 /* Debug */,
				9BA76DB82CF593BE00FE2892 /* Release */,
			);
			defaultConfigurationIsVisible = 0;
			defaultConfigurationName = Release;
		};
		9BA76DB92CF593BE00FE2892 /* Build configuration list for PBXNativeTarget "sdkSample" */ = {
			isa = XCConfigurationList;
			buildConfigurations = (
				9BA76DBA2CF593BE00FE2892 /* Debug */,
				9BA76DBB2CF593BE00FE2892 /* Release */,
			);
			defaultConfigurationIsVisible = 0;
			defaultConfigurationName = Release;
		};
/* End XCConfigurationList section */

/* Begin XCRemoteSwiftPackageReference section */
		9B84FA672CF9561100164732 /* XCRemoteSwiftPackageReference "AppBoxSDKFramwork" */ = {
			isa = XCRemoteSwiftPackageReference;
			repositoryURL = "https://github.com/MobilePartnersCo/AppBoxSDKFramwork";
			requirement = {
				kind = revision;
				revision = 8213397c96fd157ff42a4fd4d64fc9fff77257b8;
			};
		};
/* End XCRemoteSwiftPackageReference section */

/* Begin XCSwiftPackageProductDependency section */
		9B84FA682CF9561100164732 /* AppBoxSDK */ = {
			isa = XCSwiftPackageProductDependency;
			package = 9B84FA672CF9561100164732 /* XCRemoteSwiftPackageReference "AppBoxSDKFramwork" */;
			productName = AppBoxSDK;
		};
/* End XCSwiftPackageProductDependency section */
	};
	rootObject = 9BA76D9D2CF593BD00FE2892 /* Project object */;
}
